
Microsoft Visual Studio Solution File, Format Version 12.00
# Visual Studio Version 16
VisualStudioVersion = 16.0.29911.98
MinimumVisualStudioVersion = 10.0.40219.1
Project("{FAE04EC0-301F-11D3-BF4B-00C04F79EFBC}") = "WDBXEditor2", "WDBXEditor2\WDBXEditor2.csproj", "{CD4A43C7-8397-4508-AC39-535C5BA14BF6}"
EndProject
Project("{9A19103F-16F7-4668-BE54-9A1E7A4F7556}") = "DBCD", "DBCD\DBCD.csproj", "{289D8432-380C-41BD-BE30-B544D47B3539}"
EndProject
Project("{9A19103F-16F7-4668-BE54-9A1E7A4F7556}") = "DBFileReaderLib", "DBFileReaderLib\DBFileReaderLib.csproj", "{D263F497-22C6-44E8-95E4-723830F13A72}"
EndProject
Global
	GlobalSection(SolutionConfigurationPlatforms) = preSolution
		Debug|Any CPU = Debug|Any CPU
		Release|Any CPU = Release|Any CPU
	EndGlobalSection
	GlobalSection(ProjectConfigurationPlatforms) = postSolution
		{CD4A43C7-8397-4508-AC39-535C5BA14BF6}.Debug|Any CPU.ActiveCfg = Debug|Any CPU
		{CD4A43C7-8397-4508-AC39-535C5BA14BF6}.Debug|Any CPU.Build.0 = Debug|Any CPU
		{CD4A43C7-8397-4508-AC39-535C5BA14BF6}.Release|Any CPU.ActiveCfg = Release|Any CPU
		{CD4A43C7-8397-4508-AC39-535C5BA14BF6}.Release|Any CPU.Build.0 = Release|Any CPU
		{289D8432-380C-41BD-BE30-B544D47B3539}.Debug|Any CPU.ActiveCfg = Debug|Any CPU
		{289D8432-380C-41BD-BE30-B544D47B3539}.Debug|Any CPU.Build.0 = Debug|Any CPU
		{289D8432-380C-41BD-BE30-B544D47B3539}.Release|Any CPU.ActiveCfg = Release|Any CPU
		{289D8432-380C-41BD-BE30-B544D47B3539}.Release|Any CPU.Build.0 = Release|Any CPU
		{D263F497-22C6-44E8-95E4-723830F13A72}.Debug|Any CPU.ActiveCfg = Debug|Any CPU
		{D263F497-22C6-44E8-95E4-723830F13A72}.Debug|Any CPU.Build.0 = Debug|Any CPU
		{D263F497-22C6-44E8-95E4-723830F13A72}.Release|Any CPU.ActiveCfg = Release|Any CPU
		{D263F497-22C6-44E8-95E4-723830F13A72}.Release|Any CPU.Build.0 = Release|Any CPU
	EndGlobalSection
	GlobalSection(SolutionProperties) = preSolution
		HideSolutionNode = FALSE
	EndGlobalSection
	GlobalSection(ExtensibilityGlobals) = postSolution
		SolutionGuid = {7207C49D-811C-4E17-A9AC-045E5D77F5AC}
	EndGlobalSection
EndGlobal
